
Microsoft Visual Studio Solution File, Format Version 12.00
# Visual Studio Version 16
VisualStudioVersion = 16.0.30804.86
MinimumVisualStudioVersion = 10.0.40219.1
Project("{9A19103F-16F7-4668-BE54-9A1E7A4F7556}") = "VogCodeChallenge.API", "VogCodeChallenge.API\VogCodeChallenge.API.csproj", "{AFF9CEA8-C060-418E-9FFF-27DD2E129A79}"
EndProject
Project("{9A19103F-16F7-4668-BE54-9A1E7A4F7556}") = "VogCodeChallenge.Entities", "VogCodeChallenge.Entities\VogCodeChallenge.Entities.csproj", "{9025B599-BAE0-460C-9A40-4BC9D916879E}"
EndProject
Project("{9A19103F-16F7-4668-BE54-9A1E7A4F7556}") = "VogCodeChallenge.Services", "VogCodeChallenge.Services\VogCodeChallenge.Services.csproj", "{D9A7514F-BEE4-4D71-A5CF-B5794ABFD3A4}"
EndProject
Project("{9A19103F-16F7-4668-BE54-9A1E7A4F7556}") = "VogCodeChallenge.DataManager", "VogCodeChallenge.DataManager\VogCodeChallenge.DataManager.csproj", "{897DF9C5-A392-428B-B91B-FA758441E3A2}"
EndProject
Project("{E53339B2-1760-4266-BCC7-CA923CBCF16C}") = "docker-compose", "docker-compose.dcproj", "{AB9DE339-7016-4A42-BF3C-292318CE29F3}"
EndProject
Global
	GlobalSection(SolutionConfigurationPlatforms) = preSolution
		Debug|Any CPU = Debug|Any CPU
		Release|Any CPU = Release|Any CPU
	EndGlobalSection
	GlobalSection(ProjectConfigurationPlatforms) = postSolution
		{AFF9CEA8-C060-418E-9FFF-27DD2E129A79}.Debug|Any CPU.ActiveCfg = Debug|Any CPU
		{AFF9CEA8-C060-418E-9FFF-27DD2E129A79}.Debug|Any CPU.Build.0 = Debug|Any CPU
		{AFF9CEA8-C060-418E-9FFF-27DD2E129A79}.Release|Any CPU.ActiveCfg = Release|Any CPU
		{AFF9CEA8-C060-418E-9FFF-27DD2E129A79}.Release|Any CPU.Build.0 = Release|Any CPU
		{9025B599-BAE0-460C-9A40-4BC9D916879E}.Debug|Any CPU.ActiveCfg = Debug|Any CPU
		{9025B599-BAE0-460C-9A40-4BC9D916879E}.Debug|Any CPU.Build.0 = Debug|Any CPU
		{9025B599-BAE0-460C-9A40-4BC9D916879E}.Release|Any CPU.ActiveCfg = Release|Any CPU
		{9025B599-BAE0-460C-9A40-4BC9D916879E}.Release|Any CPU.Build.0 = Release|Any CPU
		{D9A7514F-BEE4-4D71-A5CF-B5794ABFD3A4}.Debug|Any CPU.ActiveCfg = Debug|Any CPU
		{D9A7514F-BEE4-4D71-A5CF-B5794ABFD3A4}.Debug|Any CPU.Build.0 = Debug|Any CPU
		{D9A7514F-BEE4-4D71-A5CF-B5794ABFD3A4}.Release|Any CPU.ActiveCfg = Release|Any CPU
		{D9A7514F-BEE4-4D71-A5CF-B5794ABFD3A4}.Release|Any CPU.Build.0 = Release|Any CPU
		{897DF9C5-A392-428B-B91B-FA758441E3A2}.Debug|Any CPU.ActiveCfg = Debug|Any CPU
		{897DF9C5-A392-428B-B91B-FA758441E3A2}.Debug|Any CPU.Build.0 = Debug|Any CPU
		{897DF9C5-A392-428B-B91B-FA758441E3A2}.Release|Any CPU.ActiveCfg = Release|Any CPU
		{897DF9C5-A392-428B-B91B-FA758441E3A2}.Release|Any CPU.Build.0 = Release|Any CPU
		{AB9DE339-7016-4A42-BF3C-292318CE29F3}.Debug|Any CPU.ActiveCfg = Debug|Any CPU
		{AB9DE339-7016-4A42-BF3C-292318CE29F3}.Debug|Any CPU.Build.0 = Debug|Any CPU
		{AB9DE339-7016-4A42-BF3C-292318CE29F3}.Release|Any CPU.ActiveCfg = Release|Any CPU
		{AB9DE339-7016-4A42-BF3C-292318CE29F3}.Release|Any CPU.Build.0 = Release|Any CPU
	EndGlobalSection
	GlobalSection(SolutionProperties) = preSolution
		HideSolutionNode = FALSE
	EndGlobalSection
	GlobalSection(ExtensibilityGlobals) = postSolution
		SolutionGuid = {C1F9BBBE-BE26-4791-8B2B-E742002F5C70}
	EndGlobalSection
EndGlobal
